
Microsoft Visual Studio Solution File, Format Version 12.00
Project("{FAE04EC0-301F-11D3-BF4B-00C04F79EFBC}") = "JobApplicationMVCApp", "JobApplicationMVCApp.csproj", "{348F6920-1784-4A98-BA55-0B10E533AF93}"
EndProject
Global
	GlobalSection(SolutionConfigurationPlatforms) = preSolution
		Debug|Any CPU = Debug|Any CPU
		Release|Any CPU = Release|Any CPU
	EndGlobalSection
	GlobalSection(ProjectConfigurationPlatforms) = postSolution
		{348F6920-1784-4A98-BA55-0B10E533AF93}.Debug|Any CPU.ActiveCfg = Debug|Any CPU
		{348F6920-1784-4A98-BA55-0B10E533AF93}.Debug|Any CPU.Build.0 = Debug|Any CPU
		{348F6920-1784-4A98-BA55-0B10E533AF93}.Release|Any CPU.ActiveCfg = Release|Any CPU
		{348F6920-1784-4A98-BA55-0B10E533AF93}.Release|Any CPU.Build.0 = Release|Any CPU
	EndGlobalSection
EndGlobal
